// !$*UTF8*$!
{
	archiveVersion = 1;
	classes = {
	};
	objectVersion = 46;
	objects = {

/* Begin PBXBuildFile section */
		E3000D141D57A9FD004788B0 /* Vagt+CoreDataClass.swift in Sources */ = {isa = PBXBuildFile; fileRef = E3000D121D57A9FD004788B0 /* Vagt+CoreDataClass.swift */; };
		E3000D151D57A9FD004788B0 /* Vagt+CoreDataProperties.swift in Sources */ = {isa = PBXBuildFile; fileRef = E3000D131D57A9FD004788B0 /* Vagt+CoreDataProperties.swift */; };
		E30784EA1D4A9ED7009ED245 /* VagtDetailVC.swift in Sources */ = {isa = PBXBuildFile; fileRef = E30784E91D4A9ED7009ED245 /* VagtDetailVC.swift */; };
		E30AFF3A1D469456009ADF71 /* ExtraFunctions.swift in Sources */ = {isa = PBXBuildFile; fileRef = E30AFF391D469456009ADF71 /* ExtraFunctions.swift */; };
		E31478D61D5FD1DE00C4C9DC /* SettingsVC.swift in Sources */ = {isa = PBXBuildFile; fileRef = E31478D51D5FD1DE00C4C9DC /* SettingsVC.swift */; };
		E318EEAE1D6C2C4500893D53 /* Year.swift in Sources */ = {isa = PBXBuildFile; fileRef = E318EEAD1D6C2C4500893D53 /* Year.swift */; };
		E324E7941D8D718F00C67E98 /* LoginVC.swift in Sources */ = {isa = PBXBuildFile; fileRef = E324E7931D8D718F00C67E98 /* LoginVC.swift */; };
		E34453BD1D5DAACC00B3DB67 /* VagtCell.swift in Sources */ = {isa = PBXBuildFile; fileRef = E34453BC1D5DAACC00B3DB67 /* VagtCell.swift */; };
		E365E6A11D6D8C3D0046F56D /* StandardVagt.swift in Sources */ = {isa = PBXBuildFile; fileRef = E365E6A01D6D8C3D0046F56D /* StandardVagt.swift */; };
		E365E6A31D6DB3370046F56D /* StandardVagtDetailVC.swift in Sources */ = {isa = PBXBuildFile; fileRef = E365E6A21D6DB3370046F56D /* StandardVagtDetailVC.swift */; };
		E366621C1D6D870E0014C14D /* StandardVagterVC.swift in Sources */ = {isa = PBXBuildFile; fileRef = E366621B1D6D870E0014C14D /* StandardVagterVC.swift */; };
		E36FF43A1D8FFF090023A5D7 /* TemaVC.swift in Sources */ = {isa = PBXBuildFile; fileRef = E36FF4391D8FFF090023A5D7 /* TemaVC.swift */; };
		E3BE97931D4254C900D30589 /* AppDelegate.swift in Sources */ = {isa = PBXBuildFile; fileRef = E3BE97921D4254C900D30589 /* AppDelegate.swift */; };
		E3BE979A1D4254C900D30589 /* Main.storyboard in Resources */ = {isa = PBXBuildFile; fileRef = E3BE97981D4254C900D30589 /* Main.storyboard */; };
		E3BE979C1D4254C900D30589 /* Assets.xcassets in Resources */ = {isa = PBXBuildFile; fileRef = E3BE979B1D4254C900D30589 /* Assets.xcassets */; };
		E3BE979F1D4254C900D30589 /* LaunchScreen.storyboard in Resources */ = {isa = PBXBuildFile; fileRef = E3BE979D1D4254C900D30589 /* LaunchScreen.storyboard */; };
		E3D47E311D42B4E100C3A7E7 /* CoreDataModel.xcdatamodeld in Sources */ = {isa = PBXBuildFile; fileRef = E3D47E2F1D42B4E100C3A7E7 /* CoreDataModel.xcdatamodeld */; };
		E3D47E331D42B62D00C3A7E7 /* MainVC.swift in Sources */ = {isa = PBXBuildFile; fileRef = E3D47E321D42B62D00C3A7E7 /* MainVC.swift */; };
		E3EDB2D91D5222CD00D2D1BB /* Month.swift in Sources */ = {isa = PBXBuildFile; fileRef = E3EDB2D81D5222CD00D2D1BB /* Month.swift */; };
		E3F4FA481D481CFA00647B1E /* VagterVC.swift in Sources */ = {isa = PBXBuildFile; fileRef = E3F4FA471D481CFA00647B1E /* VagterVC.swift */; };
		E3FD81B41D496C6D001171EE /* DataController.swift in Sources */ = {isa = PBXBuildFile; fileRef = E3FD81B31D496C6D001171EE /* DataController.swift */; };
		E3FE4DF91D6AE9090012B828 /* NotificationsVC.swift in Sources */ = {isa = PBXBuildFile; fileRef = E3FE4DF81D6AE9090012B828 /* NotificationsVC.swift */; };
/* End PBXBuildFile section */

/* Begin PBXFileReference section */
		E3000D121D57A9FD004788B0 /* Vagt+CoreDataClass.swift */ = {isa = PBXFileReference; fileEncoding = 4; lastKnownFileType = sourcecode.swift; name = "Vagt+CoreDataClass.swift"; path = "../Vagt+CoreDataClass.swift"; sourceTree = "<group>"; };
		E3000D131D57A9FD004788B0 /* Vagt+CoreDataProperties.swift */ = {isa = PBXFileReference; fileEncoding = 4; lastKnownFileType = sourcecode.swift; name = "Vagt+CoreDataProperties.swift"; path = "../Vagt+CoreDataProperties.swift"; sourceTree = "<group>"; };
		E30784E91D4A9ED7009ED245 /* VagtDetailVC.swift */ = {isa = PBXFileReference; fileEncoding = 4; lastKnownFileType = sourcecode.swift; lineEnding = 0; path = VagtDetailVC.swift; sourceTree = "<group>"; xcLanguageSpecificationIdentifier = xcode.lang.swift; };
		E30AFF391D469456009ADF71 /* ExtraFunctions.swift */ = {isa = PBXFileReference; fileEncoding = 4; lastKnownFileType = sourcecode.swift; lineEnding = 0; path = ExtraFunctions.swift; sourceTree = "<group>"; xcLanguageSpecificationIdentifier = xcode.lang.swift; };
		E31478D51D5FD1DE00C4C9DC /* SettingsVC.swift */ = {isa = PBXFileReference; fileEncoding = 4; lastKnownFileType = sourcecode.swift; lineEnding = 0; path = SettingsVC.swift; sourceTree = "<group>"; xcLanguageSpecificationIdentifier = xcode.lang.swift; };
		E318EEAD1D6C2C4500893D53 /* Year.swift */ = {isa = PBXFileReference; fileEncoding = 4; lastKnownFileType = sourcecode.swift; path = Year.swift; sourceTree = "<group>"; };
		E324E7931D8D718F00C67E98 /* LoginVC.swift */ = {isa = PBXFileReference; fileEncoding = 4; lastKnownFileType = sourcecode.swift; path = LoginVC.swift; sourceTree = "<group>"; };
		E34453BC1D5DAACC00B3DB67 /* VagtCell.swift */ = {isa = PBXFileReference; fileEncoding = 4; lastKnownFileType = sourcecode.swift; path = VagtCell.swift; sourceTree = "<group>"; };
		E365E6A01D6D8C3D0046F56D /* StandardVagt.swift */ = {isa = PBXFileReference; fileEncoding = 4; lastKnownFileType = sourcecode.swift; path = StandardVagt.swift; sourceTree = "<group>"; };
		E365E6A21D6DB3370046F56D /* StandardVagtDetailVC.swift */ = {isa = PBXFileReference; fileEncoding = 4; lastKnownFileType = sourcecode.swift; lineEnding = 0; path = StandardVagtDetailVC.swift; sourceTree = "<group>"; xcLanguageSpecificationIdentifier = xcode.lang.swift; };
		E366621B1D6D870E0014C14D /* StandardVagterVC.swift */ = {isa = PBXFileReference; fileEncoding = 4; lastKnownFileType = sourcecode.swift; path = StandardVagterVC.swift; sourceTree = "<group>"; };
		E36FF4391D8FFF090023A5D7 /* TemaVC.swift */ = {isa = PBXFileReference; fileEncoding = 4; lastKnownFileType = sourcecode.swift; path = TemaVC.swift; sourceTree = "<group>"; };
		E3BE978F1D4254C900D30589 /* Mit Arbejde.app */ = {isa = PBXFileReference; explicitFileType = wrapper.application; includeInIndex = 0; path = "Mit Arbejde.app"; sourceTree = BUILT_PRODUCTS_DIR; };
		E3BE97921D4254C900D30589 /* AppDelegate.swift */ = {isa = PBXFileReference; lastKnownFileType = sourcecode.swift; lineEnding = 0; path = AppDelegate.swift; sourceTree = "<group>"; xcLanguageSpecificationIdentifier = xcode.lang.swift; };
		E3BE97991D4254C900D30589 /* Base */ = {isa = PBXFileReference; lastKnownFileType = file.storyboard; name = Base; path = Base.lproj/Main.storyboard; sourceTree = "<group>"; };
		E3BE979B1D4254C900D30589 /* Assets.xcassets */ = {isa = PBXFileReference; lastKnownFileType = folder.assetcatalog; path = Assets.xcassets; sourceTree = "<group>"; };
		E3BE979E1D4254C900D30589 /* Base */ = {isa = PBXFileReference; lastKnownFileType = file.storyboard; name = Base; path = Base.lproj/LaunchScreen.storyboard; sourceTree = "<group>"; };
		E3BE97A01D4254C900D30589 /* Info.plist */ = {isa = PBXFileReference; lastKnownFileType = text.plist.xml; path = Info.plist; sourceTree = "<group>"; };
		E3D47E301D42B4E100C3A7E7 /* CoreDataModel.xcdatamodel */ = {isa = PBXFileReference; lastKnownFileType = wrapper.xcdatamodel; path = CoreDataModel.xcdatamodel; sourceTree = "<group>"; };
		E3D47E321D42B62D00C3A7E7 /* MainVC.swift */ = {isa = PBXFileReference; fileEncoding = 4; lastKnownFileType = sourcecode.swift; lineEnding = 0; path = MainVC.swift; sourceTree = "<group>"; xcLanguageSpecificationIdentifier = xcode.lang.swift; };
		E3EDB2D81D5222CD00D2D1BB /* Month.swift */ = {isa = PBXFileReference; fileEncoding = 4; lastKnownFileType = sourcecode.swift; lineEnding = 0; path = Month.swift; sourceTree = "<group>"; xcLanguageSpecificationIdentifier = xcode.lang.swift; };
		E3F4FA471D481CFA00647B1E /* VagterVC.swift */ = {isa = PBXFileReference; fileEncoding = 4; lastKnownFileType = sourcecode.swift; lineEnding = 0; path = VagterVC.swift; sourceTree = "<group>"; xcLanguageSpecificationIdentifier = xcode.lang.swift; };
		E3FD81B31D496C6D001171EE /* DataController.swift */ = {isa = PBXFileReference; fileEncoding = 4; lastKnownFileType = sourcecode.swift; path = DataController.swift; sourceTree = "<group>"; };
		E3FE4DF81D6AE9090012B828 /* NotificationsVC.swift */ = {isa = PBXFileReference; fileEncoding = 4; lastKnownFileType = sourcecode.swift; path = NotificationsVC.swift; sourceTree = "<group>"; };
/* End PBXFileReference section */

/* Begin PBXFrameworksBuildPhase section */
		E3BE978C1D4254C800D30589 /* Frameworks */ = {
			isa = PBXFrameworksBuildPhase;
			buildActionMask = 2147483647;
			files = (
			);
			runOnlyForDeploymentPostprocessing = 0;
		};
/* End PBXFrameworksBuildPhase section */

/* Begin PBXGroup section */
		E30784EB1D4A9EE9009ED245 /* Andre Filer */ = {
			isa = PBXGroup;
			children = (
				E3BE979B1D4254C900D30589 /* Assets.xcassets */,
				E3BE979D1D4254C900D30589 /* LaunchScreen.storyboard */,
				E3BE97A01D4254C900D30589 /* Info.plist */,
			);
			name = "Andre Filer";
			sourceTree = "<group>";
		};
		E365E6A41D6DC1970046F56D /* Settings */ = {
			isa = PBXGroup;
			children = (
				E3FE4DF81D6AE9090012B828 /* NotificationsVC.swift */,
				E36FF4391D8FFF090023A5D7 /* TemaVC.swift */,
				E366621B1D6D870E0014C14D /* StandardVagterVC.swift */,
				E365E6A21D6DB3370046F56D /* StandardVagtDetailVC.swift */,
			);
			name = Settings;
			sourceTree = "<group>";
		};
		E3BE97861D4254C800D30589 = {
			isa = PBXGroup;
			children = (
				E3BE97911D4254C900D30589 /* Føtex Løn */,
				E3BE97901D4254C900D30589 /* Products */,
			);
			sourceTree = "<group>";
		};
		E3BE97901D4254C900D30589 /* Products */ = {
			isa = PBXGroup;
			children = (
				E3BE978F1D4254C900D30589 /* Mit Arbejde.app */,
			);
			name = Products;
			sourceTree = "<group>";
		};
		E3BE97911D4254C900D30589 /* Føtex Løn */ = {
			isa = PBXGroup;
			children = (
				E3BE97921D4254C900D30589 /* AppDelegate.swift */,
				E3F4DEBF1D50C66300857279 /* View Controllers */,
				E3BE97981D4254C900D30589 /* Main.storyboard */,
				E34453BC1D5DAACC00B3DB67 /* VagtCell.swift */,
				E30AFF391D469456009ADF71 /* ExtraFunctions.swift */,
				E3FD81B51D49736B001171EE /* Data Model */,
				E30784EB1D4A9EE9009ED245 /* Andre Filer */,
			);
			path = "Føtex Løn";
			sourceTree = "<group>";
		};
		E3F4DEBF1D50C66300857279 /* View Controllers */ = {
			isa = PBXGroup;
			children = (
				E3D47E321D42B62D00C3A7E7 /* MainVC.swift */,
				E3F4FA471D481CFA00647B1E /* VagterVC.swift */,
				E30784E91D4A9ED7009ED245 /* VagtDetailVC.swift */,
				E324E7931D8D718F00C67E98 /* LoginVC.swift */,
				E31478D51D5FD1DE00C4C9DC /* SettingsVC.swift */,
				E365E6A41D6DC1970046F56D /* Settings */,
			);
			name = "View Controllers";
			sourceTree = "<group>";
		};
		E3FD81B51D49736B001171EE /* Data Model */ = {
			isa = PBXGroup;
			children = (
				E3D47E2F1D42B4E100C3A7E7 /* CoreDataModel.xcdatamodeld */,
				E3000D121D57A9FD004788B0 /* Vagt+CoreDataClass.swift */,
				E365E6A01D6D8C3D0046F56D /* StandardVagt.swift */,
				E3EDB2D81D5222CD00D2D1BB /* Month.swift */,
				E318EEAD1D6C2C4500893D53 /* Year.swift */,
				E3FD81B31D496C6D001171EE /* DataController.swift */,
				E3000D131D57A9FD004788B0 /* Vagt+CoreDataProperties.swift */,
			);
			name = "Data Model";
			sourceTree = "<group>";
		};
/* End PBXGroup section */

/* Begin PBXNativeTarget section */
		E3BE978E1D4254C800D30589 /* Løn */ = {
			isa = PBXNativeTarget;
			buildConfigurationList = E3BE97A31D4254C900D30589 /* Build configuration list for PBXNativeTarget "Løn" */;
			buildPhases = (
				E3BE978B1D4254C800D30589 /* Sources */,
				E3BE978C1D4254C800D30589 /* Frameworks */,
				E3BE978D1D4254C800D30589 /* Resources */,
			);
			buildRules = (
			);
			dependencies = (
			);
			name = "Løn";
			productName = "Føtex Løn";
			productReference = E3BE978F1D4254C900D30589 /* Mit Arbejde.app */;
			productType = "com.apple.product-type.application";
		};
/* End PBXNativeTarget section */

/* Begin PBXProject section */
		E3BE97871D4254C800D30589 /* Project object */ = {
			isa = PBXProject;
			attributes = {
				LastSwiftUpdateCheck = 0800;
				LastUpgradeCheck = 0800;
				ORGANIZATIONNAME = "Martin Lok";
				TargetAttributes = {
					E3BE978E1D4254C800D30589 = {
						CreatedOnToolsVersion = 8.0;
						DevelopmentTeam = 2J6YE5GZ93;
						DevelopmentTeamName = "Martin Lok (Personal Team)";
						ProvisioningStyle = Automatic;
					};
				};
			};
			buildConfigurationList = E3BE978A1D4254C800D30589 /* Build configuration list for PBXProject "Min Løn" */;
			compatibilityVersion = "Xcode 3.2";
			developmentRegion = English;
			hasScannedForEncodings = 0;
			knownRegions = (
				en,
				Base,
			);
			mainGroup = E3BE97861D4254C800D30589;
			productRefGroup = E3BE97901D4254C900D30589 /* Products */;
			projectDirPath = "";
			projectRoot = "";
			targets = (
				E3BE978E1D4254C800D30589 /* Løn */,
			);
		};
/* End PBXProject section */

/* Begin PBXResourcesBuildPhase section */
		E3BE978D1D4254C800D30589 /* Resources */ = {
			isa = PBXResourcesBuildPhase;
			buildActionMask = 2147483647;
			files = (
				E3BE979F1D4254C900D30589 /* LaunchScreen.storyboard in Resources */,
				E3BE979C1D4254C900D30589 /* Assets.xcassets in Resources */,
				E3BE979A1D4254C900D30589 /* Main.storyboard in Resources */,
			);
			runOnlyForDeploymentPostprocessing = 0;
		};
/* End PBXResourcesBuildPhase section */

/* Begin PBXSourcesBuildPhase section */
		E3BE978B1D4254C800D30589 /* Sources */ = {
			isa = PBXSourcesBuildPhase;
			buildActionMask = 2147483647;
			files = (
				E31478D61D5FD1DE00C4C9DC /* SettingsVC.swift in Sources */,
				E3000D151D57A9FD004788B0 /* Vagt+CoreDataProperties.swift in Sources */,
				E3FD81B41D496C6D001171EE /* DataController.swift in Sources */,
				E324E7941D8D718F00C67E98 /* LoginVC.swift in Sources */,
				E3BE97931D4254C900D30589 /* AppDelegate.swift in Sources */,
				E366621C1D6D870E0014C14D /* StandardVagterVC.swift in Sources */,
				E3D47E331D42B62D00C3A7E7 /* MainVC.swift in Sources */,
				E3FE4DF91D6AE9090012B828 /* NotificationsVC.swift in Sources */,
				E3000D141D57A9FD004788B0 /* Vagt+CoreDataClass.swift in Sources */,
				E318EEAE1D6C2C4500893D53 /* Year.swift in Sources */,
				E365E6A31D6DB3370046F56D /* StandardVagtDetailVC.swift in Sources */,
				E3F4FA481D481CFA00647B1E /* VagterVC.swift in Sources */,
				E34453BD1D5DAACC00B3DB67 /* VagtCell.swift in Sources */,
				E3D47E311D42B4E100C3A7E7 /* CoreDataModel.xcdatamodeld in Sources */,
				E36FF43A1D8FFF090023A5D7 /* TemaVC.swift in Sources */,
				E30784EA1D4A9ED7009ED245 /* VagtDetailVC.swift in Sources */,
				E3EDB2D91D5222CD00D2D1BB /* Month.swift in Sources */,
				E30AFF3A1D469456009ADF71 /* ExtraFunctions.swift in Sources */,
				E365E6A11D6D8C3D0046F56D /* StandardVagt.swift in Sources */,
			);
			runOnlyForDeploymentPostprocessing = 0;
		};
/* End PBXSourcesBuildPhase section */

/* Begin PBXVariantGroup section */
		E3BE97981D4254C900D30589 /* Main.storyboard */ = {
			isa = PBXVariantGroup;
			children = (
				E3BE97991D4254C900D30589 /* Base */,
			);
			name = Main.storyboard;
			sourceTree = "<group>";
		};
		E3BE979D1D4254C900D30589 /* LaunchScreen.storyboard */ = {
			isa = PBXVariantGroup;
			children = (
				E3BE979E1D4254C900D30589 /* Base */,
			);
			name = LaunchScreen.storyboard;
			sourceTree = "<group>";
		};
/* End PBXVariantGroup section */

/* Begin XCBuildConfiguration section */
		E3BE97A11D4254C900D30589 /* Debug */ = {
			isa = XCBuildConfiguration;
			buildSettings = {
				ALWAYS_SEARCH_USER_PATHS = NO;
				CLANG_ANALYZER_NONNULL = YES;
				CLANG_CXX_LANGUAGE_STANDARD = "gnu++0x";
				CLANG_CXX_LIBRARY = "libc++";
				CLANG_ENABLE_MODULES = YES;
				CLANG_ENABLE_OBJC_ARC = YES;
				CLANG_WARN_BOOL_CONVERSION = YES;
				CLANG_WARN_CONSTANT_CONVERSION = YES;
				CLANG_WARN_DIRECT_OBJC_ISA_USAGE = YES_ERROR;
				CLANG_WARN_DOCUMENTATION_COMMENTS = YES;
				CLANG_WARN_EMPTY_BODY = YES;
				CLANG_WARN_ENUM_CONVERSION = YES;
				CLANG_WARN_INT_CONVERSION = YES;
				CLANG_WARN_OBJC_ROOT_CLASS = YES_ERROR;
				CLANG_WARN_UNREACHABLE_CODE = YES;
				CLANG_WARN__DUPLICATE_METHOD_MATCH = YES;
				"CODE_SIGN_IDENTITY[sdk=iphoneos*]" = "iPhone Developer";
				COPY_PHASE_STRIP = NO;
				DEBUG_INFORMATION_FORMAT = dwarf;
				ENABLE_STRICT_OBJC_MSGSEND = YES;
				ENABLE_TESTABILITY = YES;
				GCC_C_LANGUAGE_STANDARD = gnu99;
				GCC_DYNAMIC_NO_PIC = NO;
				GCC_NO_COMMON_BLOCKS = YES;
				GCC_OPTIMIZATION_LEVEL = 0;
				GCC_PREPROCESSOR_DEFINITIONS = (
					"DEBUG=1",
					"$(inherited)",
				);
				GCC_WARN_64_TO_32_BIT_CONVERSION = YES;
				GCC_WARN_ABOUT_RETURN_TYPE = YES_ERROR;
				GCC_WARN_UNDECLARED_SELECTOR = YES;
				GCC_WARN_UNINITIALIZED_AUTOS = YES_AGGRESSIVE;
				GCC_WARN_UNUSED_FUNCTION = YES;
				GCC_WARN_UNUSED_VARIABLE = YES;
				IPHONEOS_DEPLOYMENT_TARGET = 10.0;
				MTL_ENABLE_DEBUG_INFO = YES;
				ONLY_ACTIVE_ARCH = YES;
				SDKROOT = iphoneos;
				SWIFT_ACTIVE_COMPILATION_CONDITIONS = DEBUG;
				SWIFT_OPTIMIZATION_LEVEL = "-Onone";
			};
			name = Debug;
		};
		E3BE97A21D4254C900D30589 /* Release */ = {
			isa = XCBuildConfiguration;
			buildSettings = {
				ALWAYS_SEARCH_USER_PATHS = NO;
				CLANG_ANALYZER_NONNULL = YES;
				CLANG_CXX_LANGUAGE_STANDARD = "gnu++0x";
				CLANG_CXX_LIBRARY = "libc++";
				CLANG_ENABLE_MODULES = YES;
				CLANG_ENABLE_OBJC_ARC = YES;
				CLANG_WARN_BOOL_CONVERSION = YES;
				CLANG_WARN_CONSTANT_CONVERSION = YES;
				CLANG_WARN_DIRECT_OBJC_ISA_USAGE = YES_ERROR;
				CLANG_WARN_DOCUMENTATION_COMMENTS = YES;
				CLANG_WARN_EMPTY_BODY = YES;
				CLANG_WARN_ENUM_CONVERSION = YES;
				CLANG_WARN_INT_CONVERSION = YES;
				CLANG_WARN_OBJC_ROOT_CLASS = YES_ERROR;
				CLANG_WARN_UNREACHABLE_CODE = YES;
				CLANG_WARN__DUPLICATE_METHOD_MATCH = YES;
				"CODE_SIGN_IDENTITY[sdk=iphoneos*]" = "iPhone Developer";
				COPY_PHASE_STRIP = NO;
				DEBUG_INFORMATION_FORMAT = "dwarf-with-dsym";
				ENABLE_NS_ASSERTIONS = NO;
				ENABLE_STRICT_OBJC_MSGSEND = YES;
				GCC_C_LANGUAGE_STANDARD = gnu99;
				GCC_NO_COMMON_BLOCKS = YES;
				GCC_WARN_64_TO_32_BIT_CONVERSION = YES;
				GCC_WARN_ABOUT_RETURN_TYPE = YES_ERROR;
				GCC_WARN_UNDECLARED_SELECTOR = YES;
				GCC_WARN_UNINITIALIZED_AUTOS = YES_AGGRESSIVE;
				GCC_WARN_UNUSED_FUNCTION = YES;
				GCC_WARN_UNUSED_VARIABLE = YES;
				IPHONEOS_DEPLOYMENT_TARGET = 10.0;
				MTL_ENABLE_DEBUG_INFO = NO;
				SDKROOT = iphoneos;
				SWIFT_OPTIMIZATION_LEVEL = "-Owholemodule";
				VALIDATE_PRODUCT = YES;
			};
			name = Release;
		};
		E3BE97A41D4254C900D30589 /* Debug */ = {
			isa = XCBuildConfiguration;
			buildSettings = {
				ASSETCATALOG_COMPILER_APPICON_NAME = AppIcon;
				DEVELOPMENT_TEAM = 2J6YE5GZ93;
				INFOPLIST_FILE = "Føtex Løn/Info.plist";
				IPHONEOS_DEPLOYMENT_TARGET = 9.0;
				LD_RUNPATH_SEARCH_PATHS = "$(inherited) @executable_path/Frameworks";
				PRODUCT_BUNDLE_IDENTIFIER = com.martinlok.minLon;
				PRODUCT_NAME = "Mit Arbejde";
				SWIFT_VERSION = 3.0;
			};
			name = Debug;
		};
		E3BE97A51D4254C900D30589 /* Release */ = {
			isa = XCBuildConfiguration;
			buildSettings = {
				ASSETCATALOG_COMPILER_APPICON_NAME = AppIcon;
				DEVELOPMENT_TEAM = 2J6YE5GZ93;
				INFOPLIST_FILE = "Føtex Løn/Info.plist";
				IPHONEOS_DEPLOYMENT_TARGET = 9.0;
				LD_RUNPATH_SEARCH_PATHS = "$(inherited) @executable_path/Frameworks";
				PRODUCT_BUNDLE_IDENTIFIER = com.martinlok.minLon;
				PRODUCT_NAME = "Mit Arbejde";
				SWIFT_VERSION = 3.0;
			};
			name = Release;
		};
/* End XCBuildConfiguration section */

/* Begin XCConfigurationList section */
		E3BE978A1D4254C800D30589 /* Build configuration list for PBXProject "Min Løn" */ = {
			isa = XCConfigurationList;
			buildConfigurations = (
				E3BE97A11D4254C900D30589 /* Debug */,
				E3BE97A21D4254C900D30589 /* Release */,
			);
			defaultConfigurationIsVisible = 0;
			defaultConfigurationName = Release;
		};
		E3BE97A31D4254C900D30589 /* Build configuration list for PBXNativeTarget "Løn" */ = {
			isa = XCConfigurationList;
			buildConfigurations = (
				E3BE97A41D4254C900D30589 /* Debug */,
				E3BE97A51D4254C900D30589 /* Release */,
			);
			defaultConfigurationIsVisible = 0;
			defaultConfigurationName = Release;
		};
/* End XCConfigurationList section */

/* Begin XCVersionGroup section */
		E3D47E2F1D42B4E100C3A7E7 /* CoreDataModel.xcdatamodeld */ = {
			isa = XCVersionGroup;
			children = (
				E3D47E301D42B4E100C3A7E7 /* CoreDataModel.xcdatamodel */,
			);
			currentVersion = E3D47E301D42B4E100C3A7E7 /* CoreDataModel.xcdatamodel */;
			path = CoreDataModel.xcdatamodeld;
			sourceTree = "<group>";
			versionGroupType = wrapper.xcdatamodel;
		};
/* End XCVersionGroup section */
	};
	rootObject = E3BE97871D4254C800D30589 /* Project object */;
}
